
Microsoft Visual Studio Solution File, Format Version 12.00
# Visual Studio Version 17
VisualStudioVersion = 17.1.32228.430
MinimumVisualStudioVersion = 10.0.40219.1
Project("{2150E333-8FDC-42A3-9474-1A3956D46DE8}") = "Services", "Services", "{C74DBE2C-4428-4E64-A63A-929D1D65C201}"
EndProject
Project("{2150E333-8FDC-42A3-9474-1A3956D46DE8}") = "Catalog", "Catalog", "{D84112A5-110D-4A04-835F-34B385D7669E}"
EndProject
Project("{9A19103F-16F7-4668-BE54-9A1E7A4F7556}") = "Catalog.API", "Services\Catalog\Catalog.API\Catalog.API.csproj", "{7F4EDE72-D33E-4849-B7A1-767DDFBD0260}"
EndProject
Project("{E53339B2-1760-4266-BCC7-CA923CBCF16C}") = "docker-compose", "docker-compose.dcproj", "{A107CB4C-03F9-4C09-91DB-AC0A14DA5A16}"
EndProject
Project("{2150E333-8FDC-42A3-9474-1A3956D46DE8}") = "Basket", "Basket", "{9DC813A5-E0C8-4778-85D7-ED4EFBEA61AD}"
EndProject
Project("{9A19103F-16F7-4668-BE54-9A1E7A4F7556}") = "Basket.API", "Services\Basket\Basket.API\Basket.API.csproj", "{C09B0E16-AA16-4A69-90DB-628A1238E646}"
EndProject
Project("{2150E333-8FDC-42A3-9474-1A3956D46DE8}") = "Discount", "Discount", "{33F207A1-0BFD-44AB-9CFD-148438ACEE92}"
EndProject
Project("{9A19103F-16F7-4668-BE54-9A1E7A4F7556}") = "Discount.Api", "Services\Discount\Discount.Api\Discount.Api.csproj", "{E0A8FC00-1641-4D3A-B31E-A5D2B0B0943C}"
EndProject
Project("{9A19103F-16F7-4668-BE54-9A1E7A4F7556}") = "Discount.Grpc", "Services\Discount\Discount.Grpc\Discount.Grpc.csproj", "{8A1841FF-3E18-4927-8288-57D7C3213BD6}"
EndProject
Project("{2150E333-8FDC-42A3-9474-1A3956D46DE8}") = "Ordering", "Ordering", "{1E79D715-A56B-4882-93EA-CA93D9801040}"
EndProject
Project("{9A19103F-16F7-4668-BE54-9A1E7A4F7556}") = "Ordering.Api", "Services\Ordering\Ordering.Api\Ordering.Api.csproj", "{5B0CED5D-D574-42D4-AB98-76010ABEC6AC}"
EndProject
Project("{9A19103F-16F7-4668-BE54-9A1E7A4F7556}") = "Ordering.Domain", "Services\Ordering\Ordering.Domain\Ordering.Domain.csproj", "{30D701F7-1E6B-4AB7-ACAE-756F6D05468C}"
EndProject
Project("{9A19103F-16F7-4668-BE54-9A1E7A4F7556}") = "Ordering.Application", "Services\Ordering\Ordering.Application\Ordering.Application.csproj", "{F64BF0E4-074E-4D36-A377-6A02D864B0AD}"
EndProject
Project("{9A19103F-16F7-4668-BE54-9A1E7A4F7556}") = "Ordering.Infrastructure", "Services\Ordering\Ordering.Infrastructure\Ordering.Infrastructure.csproj", "{53B6CC7E-1B1B-4F31-88DC-A386BF3649B6}"
EndProject
Global
	GlobalSection(SolutionConfigurationPlatforms) = preSolution
		Debug|Any CPU = Debug|Any CPU
		Release|Any CPU = Release|Any CPU
	EndGlobalSection
	GlobalSection(ProjectConfigurationPlatforms) = postSolution
		{7F4EDE72-D33E-4849-B7A1-767DDFBD0260}.Debug|Any CPU.ActiveCfg = Debug|Any CPU
		{7F4EDE72-D33E-4849-B7A1-767DDFBD0260}.Debug|Any CPU.Build.0 = Debug|Any CPU
		{7F4EDE72-D33E-4849-B7A1-767DDFBD0260}.Release|Any CPU.ActiveCfg = Release|Any CPU
		{7F4EDE72-D33E-4849-B7A1-767DDFBD0260}.Release|Any CPU.Build.0 = Release|Any CPU
		{A107CB4C-03F9-4C09-91DB-AC0A14DA5A16}.Debug|Any CPU.ActiveCfg = Debug|Any CPU
		{A107CB4C-03F9-4C09-91DB-AC0A14DA5A16}.Debug|Any CPU.Build.0 = Debug|Any CPU
		{A107CB4C-03F9-4C09-91DB-AC0A14DA5A16}.Release|Any CPU.ActiveCfg = Release|Any CPU
		{A107CB4C-03F9-4C09-91DB-AC0A14DA5A16}.Release|Any CPU.Build.0 = Release|Any CPU
		{C09B0E16-AA16-4A69-90DB-628A1238E646}.Debug|Any CPU.ActiveCfg = Debug|Any CPU
		{C09B0E16-AA16-4A69-90DB-628A1238E646}.Debug|Any CPU.Build.0 = Debug|Any CPU
		{C09B0E16-AA16-4A69-90DB-628A1238E646}.Release|Any CPU.ActiveCfg = Release|Any CPU
		{C09B0E16-AA16-4A69-90DB-628A1238E646}.Release|Any CPU.Build.0 = Release|Any CPU
		{E0A8FC00-1641-4D3A-B31E-A5D2B0B0943C}.Debug|Any CPU.ActiveCfg = Debug|Any CPU
		{E0A8FC00-1641-4D3A-B31E-A5D2B0B0943C}.Debug|Any CPU.Build.0 = Debug|Any CPU
		{E0A8FC00-1641-4D3A-B31E-A5D2B0B0943C}.Release|Any CPU.ActiveCfg = Release|Any CPU
		{E0A8FC00-1641-4D3A-B31E-A5D2B0B0943C}.Release|Any CPU.Build.0 = Release|Any CPU
		{8A1841FF-3E18-4927-8288-57D7C3213BD6}.Debug|Any CPU.ActiveCfg = Debug|Any CPU
		{8A1841FF-3E18-4927-8288-57D7C3213BD6}.Debug|Any CPU.Build.0 = Debug|Any CPU
		{8A1841FF-3E18-4927-8288-57D7C3213BD6}.Release|Any CPU.ActiveCfg = Release|Any CPU
		{8A1841FF-3E18-4927-8288-57D7C3213BD6}.Release|Any CPU.Build.0 = Release|Any CPU
		{5B0CED5D-D574-42D4-AB98-76010ABEC6AC}.Debug|Any CPU.ActiveCfg = Debug|Any CPU
		{5B0CED5D-D574-42D4-AB98-76010ABEC6AC}.Debug|Any CPU.Build.0 = Debug|Any CPU
		{5B0CED5D-D574-42D4-AB98-76010ABEC6AC}.Release|Any CPU.ActiveCfg = Release|Any CPU
		{5B0CED5D-D574-42D4-AB98-76010ABEC6AC}.Release|Any CPU.Build.0 = Release|Any CPU
		{30D701F7-1E6B-4AB7-ACAE-756F6D05468C}.Debug|Any CPU.ActiveCfg = Debug|Any CPU
		{30D701F7-1E6B-4AB7-ACAE-756F6D05468C}.Debug|Any CPU.Build.0 = Debug|Any CPU
		{30D701F7-1E6B-4AB7-ACAE-756F6D05468C}.Release|Any CPU.ActiveCfg = Release|Any CPU
		{30D701F7-1E6B-4AB7-ACAE-756F6D05468C}.Release|Any CPU.Build.0 = Release|Any CPU
		{F64BF0E4-074E-4D36-A377-6A02D864B0AD}.Debug|Any CPU.ActiveCfg = Debug|Any CPU
		{F64BF0E4-074E-4D36-A377-6A02D864B0AD}.Debug|Any CPU.Build.0 = Debug|Any CPU
		{F64BF0E4-074E-4D36-A377-6A02D864B0AD}.Release|Any CPU.ActiveCfg = Release|Any CPU
		{F64BF0E4-074E-4D36-A377-6A02D864B0AD}.Release|Any CPU.Build.0 = Release|Any CPU
		{53B6CC7E-1B1B-4F31-88DC-A386BF3649B6}.Debug|Any CPU.ActiveCfg = Debug|Any CPU
		{53B6CC7E-1B1B-4F31-88DC-A386BF3649B6}.Debug|Any CPU.Build.0 = Debug|Any CPU
		{53B6CC7E-1B1B-4F31-88DC-A386BF3649B6}.Release|Any CPU.ActiveCfg = Release|Any CPU
		{53B6CC7E-1B1B-4F31-88DC-A386BF3649B6}.Release|Any CPU.Build.0 = Release|Any CPU
	EndGlobalSection
	GlobalSection(SolutionProperties) = preSolution
		HideSolutionNode = FALSE
	EndGlobalSection
	GlobalSection(NestedProjects) = preSolution
		{D84112A5-110D-4A04-835F-34B385D7669E} = {C74DBE2C-4428-4E64-A63A-929D1D65C201}
		{7F4EDE72-D33E-4849-B7A1-767DDFBD0260} = {D84112A5-110D-4A04-835F-34B385D7669E}
		{9DC813A5-E0C8-4778-85D7-ED4EFBEA61AD} = {C74DBE2C-4428-4E64-A63A-929D1D65C201}
		{C09B0E16-AA16-4A69-90DB-628A1238E646} = {9DC813A5-E0C8-4778-85D7-ED4EFBEA61AD}
		{33F207A1-0BFD-44AB-9CFD-148438ACEE92} = {C74DBE2C-4428-4E64-A63A-929D1D65C201}
		{E0A8FC00-1641-4D3A-B31E-A5D2B0B0943C} = {33F207A1-0BFD-44AB-9CFD-148438ACEE92}
		{8A1841FF-3E18-4927-8288-57D7C3213BD6} = {33F207A1-0BFD-44AB-9CFD-148438ACEE92}
		{1E79D715-A56B-4882-93EA-CA93D9801040} = {C74DBE2C-4428-4E64-A63A-929D1D65C201}
		{5B0CED5D-D574-42D4-AB98-76010ABEC6AC} = {1E79D715-A56B-4882-93EA-CA93D9801040}
		{30D701F7-1E6B-4AB7-ACAE-756F6D05468C} = {1E79D715-A56B-4882-93EA-CA93D9801040}
		{F64BF0E4-074E-4D36-A377-6A02D864B0AD} = {1E79D715-A56B-4882-93EA-CA93D9801040}
		{53B6CC7E-1B1B-4F31-88DC-A386BF3649B6} = {1E79D715-A56B-4882-93EA-CA93D9801040}
	EndGlobalSection
	GlobalSection(ExtensibilityGlobals) = postSolution
		SolutionGuid = {A6A28D56-BA01-40FB-AF58-D9C4CA603BE0}
	EndGlobalSection
EndGlobal
